{
  "nodes": {
    "niks3": {
      "inputs": {
        "nixpkgs": [
          "nixpkgs"
        ],
        "treefmt-nix": "treefmt-nix"
      },
      "locked": {
        "lastModified": 1791200506,
        "narHash": "sha256-30TaZWBnx/yfQnNKBw4LFMhBUYxU+qpgOwtfoXE8vY0=",
        "owner": "Mic92",
        "repo": "niks3",
        "rev": "dd1fd4d887727cdb2c8366aa036a63f3acfc101b",
        "type": "github"
      },
      "original": {
        "owner": "Mic92",
        "repo": "niks3",
        "type": "github"
      }
    },
    "nixpkgs": {
      "locked": {
        "lastModified": 1790906795,
        "narHash": "sha256-9nr9stDb4AN1DuO5hTvT7HGoYL9sVMXTI2mEBw8PJ3I=",
        "owner": "NixOS",
        "repo": "nixpkgs",
        "rev": "6003a8c9f2b2e1f822758ed29a517049348325e3",
        "type": "github"
      },
      "original": {
        "owner": "NixOS",
        "ref": "nixos-unstable-small",
        "repo": "nixpkgs",
        "type": "github"
      }
    },
    "root": {
      "inputs": {
        "niks3": "niks3",
        "nixpkgs": "nixpkgs"
      }
    },
    "treefmt-nix": {
      "inputs": {
        "nixpkgs": [
          "niks3",
          "nixpkgs"
        ]
      },
      "locked": {
        "lastModified": 1786901030,
        "narHash": "sha256-WSFCsDSE5ffgD2MqzkM2CYjeFiKhRF/dJUN8uedb6YE=",
        "owner": "numtide",
        "repo": "treefmt-nix",
        "rev": "27b3b12a8e6375f28ebe122f07d230ca5459bbfa",
        "type": "github"
      },
      "original": {
        "owner": "numtide",
        "repo": "treefmt-nix",
        "type": "github"
      }
    }
  },
  "root": "root",
  "version": 7
}
